{"format_version":"1.0","provider_schemas":{"registry.terraform.io/arubacloud/arubacloud":{"provider":{"version":0,"block":{"attributes":{"base_url":{"type":"string","description":"(Optional) Override the ArubaCloud API base URL (advanced use only).","description_kind":"markdown","optional":true},"client_id":{"type":"string","description":"Client ID for ArubaCloud OAuth2 authentication. Can also be set via the `ARUBACLOUD_CLIENT_ID` environment variable.","description_kind":"markdown","optional":true},"client_secret":{"type":"string","description":"Client secret for ArubaCloud OAuth2 authentication. Can also be set via the `ARUBACLOUD_CLIENT_SECRET` environment variable.","description_kind":"markdown","optional":true,"sensitive":true},"log_level":{"type":"string","description":"(Optional) SDK log level for HTTP request/response tracing. Accepted values (case-insensitive): `OFF`, `ERROR`, `WARN`, `INFO`, `DEBUG`, `TRACE`. Default: `OFF` (no SDK logging, preserving existing behavior). Set to `DEBUG` or `TRACE` to see full HTTP request/response detail in Terraform logs. Can also be set via the `ARUBACLOUD_LOG_LEVEL` environment variable; the HCL attribute takes precedence. SDK messages are emitted under the `arubacloud-sdk` subsystem and are subject to the `TF_LOG` filter — both `log_level` and `TF_LOG` must permit a message for it to appear. Note: the SDK already redacts `Authorization` headers, but request/response bodies may contain sensitive data — avoid committing debug logs to version control.","description_kind":"markdown","optional":true},"resource_timeout":{"type":"string","description":"Timeout for waiting for resources to become active after creation (e.g., \"10m\", \"20m\", \"30m\"). This timeout applies to all resources that need to wait for active state. Default: \"30m\"","description_kind":"markdown","optional":true},"token_issuer_url":{"type":"string","description":"(Optional) Override the ArubaCloud token issuer URL (advanced use only).","description_kind":"markdown","optional":true}},"description_kind":"plain"}},"resource_schemas":{"arubacloud_backup":{"version":0,"block":{"attributes":{"billing_period":{"type":"string","description":"Billing cycle. Accepted values: `Hour`, `Month`, `Year`.","description_kind":"markdown","optional":true},"id":{"type":"string","description":"Computed by the API. Unique identifier for the resource.","description_kind":"markdown","computed":true},"location":{"type":"string","description":"Region identifier (e.g., `ITBG-Bergamo`). See the [available locations and zones](https://api.arubacloud.com/docs/metadata/#location-and-data-center). (Immutable — changing this value forces the resource to be destroyed and re-created.)","description_kind":"markdown","required":true},"name":{"type":"string","description":"Display name for the backup.","description_kind":"markdown","required":true},"project_id":{"type":"string","description":"ID of the project that owns this resource. (Immutable — changing this value forces the resource to be destroyed and re-created.)","description_kind":"markdown","required":true},"retention_days":{"type":"number","description":"Number of days to retain the backup before automatic deletion. Optional — if omitted, the backup is retained indefinitely. (Immutable — changing this value forces the resource to be destroyed and re-created, because the API does not apply retention_days changes in update requests.)","description_kind":"markdown","optional":true},"tags":{"type":["list","string"],"description":"List of string tags attached to the resource for filtering and organisation.","description_kind":"markdown","optional":true},"timeout":{"type":"string","description":"Per-resource timeout override (e.g. `\"15m\"`, `\"1h\"`). Overrides the provider-level `resource_timeout` for this resource's Create and Delete operations. Uses Go duration syntax.","description_kind":"markdown","optional":true},"type":{"type":"string","description":"Backup type. Accepted values: `Full`, `Incremental`. (Immutable — changing this value forces the resource to be destroyed and re-created.)","description_kind":"markdown","required":true},"uri":{"type":"string","description":"Computed by the API. Full resource URI used as a reference value in other resources.","description_kind":"markdown","computed":true},"volume_id":{"type":"string","description":"ID of the block storage volume to back up. (Immutable — changing this value forces the resource to be destroyed and re-created.)","description_kind":"markdown","required":true}},"description":"Manages an ArubaCloud Block Storage Backup.","description_kind":"markdown"}},"arubacloud_blockstorage":{"version":0,"block":{"attributes":{"billing_period":{"type":"string","description":"Billing cycle. Accepted values: `Hour`, `Month`, `Year`.","description_kind":"markdown","required":true},"bootable":{"type":"bool","description":"Whether this volume can be used as a boot volume for an `arubacloud_cloudserver`. Must be `true` when `image` is set.","description_kind":"markdown","optional":true},"id":{"type":"string","description":"Computed by the API. Unique identifier for the resource.","description_kind":"markdown","computed":true},"image":{"type":"string","description":"Image ID to use when creating a bootable volume. Required when `bootable` is `true`. See the [available images](https://api.arubacloud.com/docs/metadata/#cloud-server-bootvolume).","description_kind":"markdown","optional":true},"location":{"type":"string","description":"Region identifier (e.g., `ITBG-Bergamo`). See the [available locations and zones](https://api.arubacloud.com/docs/metadata/#location-and-data-center). (Immutable — changing this value forces the resource to be destroyed and re-created.)","description_kind":"markdown","required":true},"name":{"type":"string","description":"Display name for the block storage volume.","description_kind":"markdown","required":true},"project_id":{"type":"string","description":"ID of the project that owns this resource. (Immutable — changing this value forces the resource to be destroyed and re-created.)","description_kind":"markdown","required":true},"size_gb":{"type":"number","description":"Size of the block storage volume in GiB. Must be a positive integer. Growing a volume is applied in place; **shrinking forces the volume to be destroyed and re-created**, because the API rejects a smaller size (`Validation: Size: invalid`). A replacement discards the volume's contents — check the plan before applying.","description_kind":"markdown","required":true},"tags":{"type":["list","string"],"description":"List of string tags attached to the resource for filtering and organisation.","description_kind":"markdown","optional":true},"timeout":{"type":"string","description":"Per-resource timeout override (e.g. `\"15m\"`, `\"1h\"`). Overrides the provider-level `resource_timeout` for this resource's Create and Delete operations. Uses Go duration syntax.","description_kind":"markdown","optional":true},"type":{"type":"string","description":"Storage type. Accepted values: `Standard`, `Performance`. (Immutable — changing this value forces the resource to be destroyed and re-created.)","description_kind":"markdown","required":true},"uri":{"type":"string","description":"Computed by the API. Full resource URI used as a reference value in other resources.","description_kind":"markdown","computed":true},"zone":{"type":"string","description":"Availability zone within the region. If omitted the volume is regional (accessible across all zones).","description_kind":"markdown","optional":true}},"description":"Manages an ArubaCloud Block Storage volume.","description_kind":"markdown"}},"arubacloud_cloudserver":{"version":0,"block":{"attributes":{"id":{"type":"string","description":"Computed by the API. Unique identifier for the resource.","description_kind":"markdown","computed":true},"location":{"type":"string","description":"Region identifier for the resource (e.g., `ITBG-Bergamo`). See the [available locations and zones](https://api.arubacloud.com/docs/metadata/#location-and-data-center). Changing this value forces a new resource.","description_kind":"markdown","required":true},"name":{"type":"string","description":"Display name for the CloudServer. Changing this value forces a new resource.","description_kind":"markdown","required":true},"network":{"nested_type":{"attributes":{"elastic_ip_uri_ref":{"type":"string","description":"URI of an Elastic IP to associate with this CloudServer. Reference the `uri` attribute of an `arubacloud_elasticip` resource. Optional — omit to use a dynamic IP. Changing this value forces a new resource.","description_kind":"markdown","optional":true},"securitygroup_uri_refs":{"type":["list","string"],"description":"List of security group URIs to apply to this CloudServer. Reference the `uri` attribute of each `arubacloud_securitygroup` resource. Changing this value forces a new resource.","description_kind":"markdown","required":true},"subnet_uri_refs":{"type":["list","string"],"description":"List of subnet URIs to attach this CloudServer to. Reference the `uri` attribute of each `arubacloud_subnet` resource. Changing this value forces a new resource.","description_kind":"markdown","required":true},"vpc_uri_ref":{"type":"string","description":"URI of the VPC to attach this CloudServer to. Reference the `uri` attribute of an `arubacloud_vpc` resource. Changing this value forces a new resource.","description_kind":"markdown","required":true}},"nesting_mode":"single"},"description":"Network configuration for the CloudServer.","description_kind":"markdown","required":true},"private_ip":{"type":"string","description":"DHCP-assigned private IPv4 address of the CloudServer, as returned by the API.","description_kind":"markdown","computed":true},"project_id":{"type":"string","description":"ID of the project that owns this resource. Changing this value forces a new resource.","description_kind":"markdown","required":true},"public_ip":{"type":"string","description":"Public IP address assigned to this CloudServer via the associated Elastic IP (`network.elastic_ip_uri_ref`). Populated only when an Elastic IP is attached and has been assigned an address. Equivalent to the `address` attribute of the associated `arubacloud_elasticip` resource.","description_kind":"markdown","computed":true},"settings":{"nested_type":{"attributes":{"flavor_name":{"type":"string","description":"Compute flavour name (e.g., `CSO4A8` for 4 vCPU / 8 GB RAM). See [available flavours](https://api.arubacloud.com/docs/metadata/#cloudserver-flavors). Changing this value forces a new resource.","description_kind":"markdown","required":true},"key_pair_uri_ref":{"type":"string","description":"URI of the SSH key pair to inject at boot. Reference the `uri` attribute of an `arubacloud_keypair` resource. Changing this value forces a new resource.","description_kind":"markdown","optional":true},"user_data":{"type":"string","description":"Cloud-Init configuration passed verbatim to the instance at first boot (raw YAML or shell-script). Write-only — this value is sent to the API but is not returned in subsequent read responses. Changing this value forces a new resource.","description_kind":"markdown","optional":true,"sensitive":true}},"nesting_mode":"single"},"description":"Compute and access settings for the CloudServer.","description_kind":"markdown","required":true},"storage":{"nested_type":{"attributes":{"boot_volume_uri_ref":{"type":"string","description":"URI of the bootable block storage volume. Reference the `uri` attribute of an `arubacloud_blockstorage` resource (must be bootable). Changing this value forces a new resource.","description_kind":"markdown","required":true}},"nesting_mode":"single"},"description":"Storage configuration for the CloudServer.","description_kind":"markdown","required":true},"tags":{"type":["list","string"],"description":"List of string tags attached to the resource for filtering and organisation. Changing this value forces a new resource.","description_kind":"markdown","optional":true},"timeout":{"type":"string","description":"Per-resource timeout override (e.g. `\"15m\"`, `\"1h\"`). Overrides the provider-level `resource_timeout` for this resource's Create and Delete operations. Uses Go duration syntax.","description_kind":"markdown","optional":true},"uri":{"type":"string","description":"Computed by the API. Full resource URI used as a reference value in other resources (e.g., as a `*_uri_ref` attribute).","description_kind":"markdown","computed":true},"zone":{"type":"string","description":"Availability zone within the region (e.g., `ITBG-1`). See [available zones](https://api.arubacloud.com/docs/metadata/#location-and-data-center). Changing this value forces a new resource.","description_kind":"markdown","required":true}},"description":"Manages an ArubaCloud CloudServer virtual machine.","description_kind":"markdown"}},"arubacloud_containerregistry":{"version":0,"block":{"attributes":{"billing_period":{"type":"string","description":"Billing cycle. Accepted values: `Hour`, `Month`, `Year`.","description_kind":"markdown","optional":true},"id":{"type":"string","description":"Computed by the API. Unique identifier for the resource.","description_kind":"markdown","computed":true},"location":{"type":"string","description":"Region identifier (e.g., `ITBG-Bergamo`). See the [available locations and zones](https://api.arubacloud.com/docs/metadata/#location-and-data-center).","description_kind":"markdown","required":true},"name":{"type":"string","description":"Display name for the container registry.","description_kind":"markdown","required":true},"network":{"nested_type":{"attributes":{"public_ip_uri_ref":{"type":"string","description":"URI of the Elastic IP that exposes the registry endpoint (e.g., `arubacloud_elasticip.example.uri`). It can be omitted if not necessary","description_kind":"markdown","optional":true},"security_group_uri_ref":{"type":"string","description":"URI of the security group controlling registry traffic (e.g., `arubacloud_securitygroup.example.uri`).","description_kind":"markdown","required":true},"subnet_uri_ref":{"type":"string","description":"URI of the subnet within the VPC (e.g., `arubacloud_subnet.example.uri`).","description_kind":"markdown","required":true},"vpc_uri_ref":{"type":"string","description":"URI of the VPC that hosts the registry (e.g., `arubacloud_vpc.example.uri`).","description_kind":"markdown","required":true}},"nesting_mode":"single"},"description":"Network resources attached to the registry.","description_kind":"markdown","required":true},"project_id":{"type":"string","description":"ID of the project that owns this resource.","description_kind":"markdown","required":true},"settings":{"nested_type":{"attributes":{"admin_user":{"type":"string","description":"Administrator username for the registry. Must not be `\"admin\"` (reserved by the API).","description_kind":"markdown","required":true},"concurrent_users_flavor":{"type":"string","description":"Concurrency tier that determines how many simultaneous push/pull sessions are supported. Accepted values: `Small`, `Medium`, `HighPerf`.","description_kind":"markdown","optional":true}},"nesting_mode":"single"},"description":"Registry configuration settings. Required because `admin_user` is mandatory.","description_kind":"markdown","required":true},"storage":{"nested_type":{"attributes":{"block_storage_uri_ref":{"type":"string","description":"URI of the block storage volume (e.g., `arubacloud_blockstorage.example.uri`).","description_kind":"markdown","required":true}},"nesting_mode":"single"},"description":"Block storage volume that backs the registry image store.","description_kind":"markdown","required":true},"tags":{"type":["list","string"],"description":"List of string tags attached to the resource for filtering and organisation.","description_kind":"markdown","optional":true},"timeout":{"type":"string","description":"Per-resource timeout override (e.g. `\"15m\"`, `\"1h\"`). Overrides the provider-level `resource_timeout` for this resource's Create and Delete operations. Uses Go duration syntax.","description_kind":"markdown","optional":true},"uri":{"type":"string","description":"Computed by the API. Full resource URI used as a reference value in other resources.","description_kind":"markdown","computed":true}},"description":"Manages an ArubaCloud Container Registry — a private OCI-compatible image registry.","description_kind":"markdown"}},"arubacloud_database":{"version":0,"block":{"attributes":{"dbaas_id":{"type":"string","description":"ID of the parent DBaaS cluster this database belongs to.","description_kind":"markdown","required":true},"id":{"type":"string","description":"Computed by the API. Unique identifier for the resource (same as the database name).","description_kind":"markdown","computed":true},"name":{"type":"string","description":"Display name for the database. The database API does not support renaming — changing this value forces the resource to be destroyed and re-created. (Immutable — changing this value forces the resource to be destroyed and re-created.)","description_kind":"markdown","required":true},"project_id":{"type":"string","description":"ID of the project that owns this resource.","description_kind":"markdown","required":true},"timeout":{"type":"string","description":"Per-resource timeout override (e.g. `\"15m\"`, `\"1h\"`). Overrides the provider-level `resource_timeout` for this resource's Create and Delete operations. Uses Go duration syntax.","description_kind":"markdown","optional":true},"uri":{"type":"string","description":"Computed by the API. Full resource URI used as a reference value in other resources.","description_kind":"markdown","computed":true}},"description":"Manages a logical database within an ArubaCloud DBaaS cluster.","description_kind":"markdown"}},"arubacloud_databasebackup":{"version":0,"block":{"attributes":{"billing_period":{"type":"string","description":"Billing cycle. Accepted values: `Hour`, `Month`, `Year`.","description_kind":"markdown","required":true},"database":{"type":"string","description":"Name of the logical database within the DBaaS cluster to back up.","description_kind":"markdown","required":true},"dbaas_id":{"type":"string","description":"ID of the DBaaS cluster or database to back up.","description_kind":"markdown","required":true},"id":{"type":"string","description":"Computed by the API. Unique identifier for the resource.","description_kind":"markdown","computed":true},"location":{"type":"string","description":"Region identifier (e.g., `ITBG-Bergamo`). See the [available locations and zones](https://api.arubacloud.com/docs/metadata/#location-and-data-center).","description_kind":"markdown","required":true},"name":{"type":"string","description":"Auto-generated backup name assigned by the API (e.g. `mysql_wordpress_20260713140736`). The value provided in config is not used — the API always generates its own name.","description_kind":"markdown","computed":true},"project_id":{"type":"string","description":"ID of the project that owns this resource.","description_kind":"markdown","required":true},"tags":{"type":["list","string"],"description":"List of string tags attached to the resource for filtering and organisation.","description_kind":"markdown","optional":true},"timeout":{"type":"string","description":"Per-resource timeout override (e.g. `\"15m\"`, `\"1h\"`). Overrides the provider-level `resource_timeout` for this resource's Create and Delete operations. Uses Go duration syntax.","description_kind":"markdown","optional":true},"uri":{"type":"string","description":"Computed by the API. Full resource URI used as a reference value in other resources.","description_kind":"markdown","computed":true},"zone":{"type":"string","description":"Availability zone within the region where the backup is stored.","description_kind":"markdown","required":true}},"description":"Manages a backup of an ArubaCloud DBaaS database.","description_kind":"markdown"}},"arubacloud_databasegrant":{"version":0,"block":{"attributes":{"database":{"type":"string","description":"ID of the database this grant applies to. (Immutable — changing this value forces the resource to be destroyed and re-created.)","description_kind":"markdown","required":true},"dbaas_id":{"type":"string","description":"ID of the parent DBaaS cluster this grant belongs to. (Immutable — changing this value forces the resource to be destroyed and re-created.)","description_kind":"markdown","required":true},"id":{"type":"string","description":"Computed by the API. Unique identifier for the resource (composite key: `project_id/dbaas_id/database/user_id`).","description_kind":"markdown","computed":true},"project_id":{"type":"string","description":"ID of the project that owns this resource. (Immutable — changing this value forces the resource to be destroyed and re-created.)","description_kind":"markdown","required":true},"role":{"type":"string","description":"Privilege level granted. Accepted values depend on the database engine (e.g., `ALL`, `READ`, `WRITE`). The DBaaS grant API does not support in-place role changes. (Immutable — changing this value forces the resource to be destroyed and re-created.)","description_kind":"markdown","required":true},"timeout":{"type":"string","description":"Per-resource timeout override (e.g. `\"15m\"`, `\"1h\"`). Overrides the provider-level `resource_timeout` for this resource's Create and Delete operations. Uses Go duration syntax.","description_kind":"markdown","optional":true},"uri":{"type":"string","description":"Computed by the API. Full resource URI used as a reference value in other resources.","description_kind":"markdown","computed":true},"user_id":{"type":"string","description":"Name or ID of the DBaaS user receiving the grant. (Immutable — changing this value forces the resource to be destroyed and re-created.)","description_kind":"markdown","required":true}},"description":"Manages a privilege grant for an ArubaCloud DBaaS user on a specific database.","description_kind":"markdown"}},"arubacloud_dbaas":{"version":0,"block":{"attributes":{"billing_period":{"type":"string","description":"Billing cycle. Accepted values: `Hour`, `Month`, `Year`. If omitted, the value returned by the API is used (Computed).","description_kind":"markdown","optional":true,"computed":true},"engine_id":{"type":"string","description":"Database engine type and version identifier (e.g., `mysql-8.0` for MySQL 8.0, `postgresql-15` for PostgreSQL 15). See the [available engines](https://api.arubacloud.com/docs/metadata/#dbaas-engines). (Immutable — changing this value forces the resource to be destroyed and re-created.)","description_kind":"markdown","required":true},"flavor":{"type":"string","description":"Compute flavour for the DBaaS cluster nodes. See [available flavours](https://api.arubacloud.com/docs/metadata/#dbaas-flavors). For example, `DBO2A4` means 2 vCPU and 4 GB RAM.","description_kind":"markdown","required":true},"id":{"type":"string","description":"Computed by the API. Unique identifier for the resource.","description_kind":"markdown","computed":true},"location":{"type":"string","description":"Region identifier (e.g., `ITBG-Bergamo`). See the [available locations and zones](https://api.arubacloud.com/docs/metadata/#location-and-data-center). (Immutable — changing this value forces the resource to be destroyed and re-created.)","description_kind":"markdown","required":true},"name":{"type":"string","description":"Display name for the DBaaS cluster.","description_kind":"markdown","required":true},"network":{"nested_type":{"attributes":{"elastic_ip_uri_ref":{"type":"string","description":"Optional URI reference to an Elastic IP resource.","description_kind":"markdown","optional":true},"security_group_uri_ref":{"type":"string","description":"URI reference to the Security Group resource.","description_kind":"markdown","required":true},"subnet_uri_ref":{"type":"string","description":"URI reference to the Subnet resource.","description_kind":"markdown","required":true},"vpc_uri_ref":{"type":"string","description":"URI reference to the VPC resource.","description_kind":"markdown","required":true}},"nesting_mode":"single"},"description":"Network configuration for the DBaaS instance. All URI references are immutable after creation.","description_kind":"markdown","required":true},"project_id":{"type":"string","description":"ID of the project that owns this resource. (Immutable — changing this value forces the resource to be destroyed and re-created.)","description_kind":"markdown","required":true},"storage":{"nested_type":{"attributes":{"autoscaling":{"nested_type":{"attributes":{"available_space":{"type":"number","description":"Minimum available space threshold in GB. When the available storage falls below this value, autoscaling increases storage by the `step_size` amount.","description_kind":"markdown","required":true},"enabled":{"type":"bool","description":"Whether storage autoscaling is enabled.","description_kind":"markdown","required":true},"step_size":{"type":"number","description":"Amount of storage (in GB) added on each autoscaling event.","description_kind":"markdown","required":true}},"nesting_mode":"single"},"description":"Optional autoscaling configuration for the DBaaS storage.","description_kind":"markdown","optional":true},"size_gb":{"type":"number","description":"Storage size in GB for the DBaaS instance.","description_kind":"markdown","required":true}},"nesting_mode":"single"},"description":"Storage configuration for the DBaaS instance.","description_kind":"markdown","required":true},"tags":{"type":["list","string"],"description":"List of string tags attached to the resource for filtering and organisation.","description_kind":"markdown","optional":true},"timeout":{"type":"string","description":"Per-resource timeout override (e.g. `\"15m\"`, `\"1h\"`). Overrides the provider-level `resource_timeout` for this resource's Create and Delete operations. Uses Go duration syntax.","description_kind":"markdown","optional":true},"uri":{"type":"string","description":"Computed by the API. Full resource URI used as a reference value in other resources.","description_kind":"markdown","computed":true},"zone":{"type":"string","description":"Availability zone within the region where the DBaaS cluster is deployed. (Immutable — changing this value forces the resource to be destroyed and re-created.)","description_kind":"markdown","required":true}},"description":"Manages an ArubaCloud DBaaS cluster — a managed database cluster with automated backups and high availability.","description_kind":"markdown"}},"arubacloud_dbaasuser":{"version":0,"block":{"attributes":{"dbaas_id":{"type":"string","description":"ID of the parent DBaaS cluster this user belongs to. (Immutable — changing this value forces the resource to be destroyed and re-created.)","description_kind":"markdown","required":true},"id":{"type":"string","description":"Computed by the API. Unique identifier for the resource (same as the username).","description_kind":"markdown","computed":true},"password":{"type":"string","description":"Password for the DBaaS user. Write-only — this value is sent to the API but is not returned in subsequent read responses. The DBaaS user API does not support password updates. (Immutable — changing this value forces the resource to be destroyed and re-created.)","description_kind":"markdown","required":true,"sensitive":true},"project_id":{"type":"string","description":"ID of the project that owns this resource. (Immutable — changing this value forces the resource to be destroyed and re-created.)","description_kind":"markdown","required":true},"timeout":{"type":"string","description":"Per-resource timeout override (e.g. `\"15m\"`, `\"1h\"`). Overrides the provider-level `resource_timeout` for this resource's Create and Delete operations. Uses Go duration syntax.","description_kind":"markdown","optional":true},"uri":{"type":"string","description":"Computed by the API. Full resource URI used as a reference value in other resources.","description_kind":"markdown","computed":true},"username":{"type":"string","description":"Username for the DBaaS user. The DBaaS user API does not support renaming users. (Immutable — changing this value forces the resource to be destroyed and re-created.)","description_kind":"markdown","required":true}},"description":"Manages a database user within an ArubaCloud DBaaS cluster.","description_kind":"markdown"}},"arubacloud_elasticip":{"version":0,"block":{"attributes":{"address":{"type":"string","description":"Computed by the API. The assigned public IP address.","description_kind":"markdown","computed":true},"billing_period":{"type":"string","description":"Billing cycle. Accepted values: `Hour`, `Month`, `Year`.","description_kind":"markdown","optional":true,"computed":true},"id":{"type":"string","description":"Computed by the API. Unique identifier for the resource.","description_kind":"markdown","computed":true},"location":{"type":"string","description":"Region identifier (e.g., `ITBG-Bergamo`). Changing this value forces a new resource.","description_kind":"markdown","required":true},"name":{"type":"string","description":"Display name for the Elastic IP.","description_kind":"markdown","required":true},"project_id":{"type":"string","description":"ID of the project that owns this resource. Changing this value forces a new resource.","description_kind":"markdown","required":true},"tags":{"type":["list","string"],"description":"List of string tags.","description_kind":"markdown","optional":true},"timeout":{"type":"string","description":"Per-resource timeout override (e.g. `\"15m\"`, `\"1h\"`). Overrides the provider-level `resource_timeout` for this resource's Create and Delete operations. Uses Go duration syntax.","description_kind":"markdown","optional":true},"uri":{"type":"string","description":"Computed by the API. Full resource URI.","description_kind":"markdown","computed":true}},"description":"Manages an ArubaCloud Elastic IP — a static public IPv4 address.","description_kind":"markdown"}},"arubacloud_kaas":{"version":0,"block":{"attributes":{"billing_period":{"type":"string","description":"Billing cycle. Accepted values: `Hour`, `Month`, `Year`.","description_kind":"markdown","optional":true},"id":{"type":"string","description":"Computed by the API. Unique identifier for the resource.","description_kind":"markdown","computed":true},"kubeconfig":{"type":"string","description":"Kubeconfig YAML for `kubectl` access. Populated automatically when the cluster becomes active. Sensitive — stored in Terraform state but redacted from plan output.","description_kind":"markdown","computed":true,"sensitive":true},"location":{"type":"string","description":"Region identifier (e.g., `ITBG-Bergamo`). See the [available locations and zones](https://api.arubacloud.com/docs/metadata/#location-and-data-center). (Immutable — changing this value forces the resource to be destroyed and re-created.)","description_kind":"markdown","required":true},"management_ip":{"type":"string","description":"Computed by the API. Management IP address of the cluster control plane, available once the cluster is active.","description_kind":"markdown","computed":true},"name":{"type":"string","description":"Display name for the KaaS cluster.","description_kind":"markdown","required":true},"network":{"nested_type":{"attributes":{"node_cidr":{"nested_type":{"attributes":{"address":{"type":"string","description":"Node CIDR address in CIDR notation (e.g., `10.0.0.0/24`).","description_kind":"markdown","required":true},"name":{"type":"string","description":"Human-readable label for the node CIDR block.","description_kind":"markdown","required":true}},"nesting_mode":"single"},"description":"CIDR block assigned to cluster nodes.","description_kind":"markdown","required":true},"pod_cidr":{"type":"string","description":"CIDR block used for pod networking within the cluster (e.g., `10.0.3.0/24`).","description_kind":"markdown","optional":true},"security_group_id":{"type":"string","description":"Computed by the API. Unique identifier of the security group created by the KaaS cluster. Use this value as the `id` input to the `arubacloud_securitygroup` data source to look up the full security group and obtain its URI.","description_kind":"markdown","computed":true},"security_group_name":{"type":"string","description":"Name of the security group applied to cluster nodes.","description_kind":"markdown","required":true},"subnet_uri_ref":{"type":"string","description":"URI of the subnet within the VPC (e.g., `arubacloud_subnet.example.uri`). (Immutable — changing this value forces the resource to be destroyed and re-created.)","description_kind":"markdown","required":true},"vpc_uri_ref":{"type":"string","description":"URI of the VPC that hosts the cluster (e.g., `arubacloud_vpc.example.uri`). (Immutable — changing this value forces the resource to be destroyed and re-created.)","description_kind":"markdown","required":true}},"nesting_mode":"single"},"description":"Network configuration for the KaaS cluster.","description_kind":"markdown","required":true},"project_id":{"type":"string","description":"ID of the project that owns this resource. (Immutable — changing this value forces the resource to be destroyed and re-created.)","description_kind":"markdown","required":true},"settings":{"nested_type":{"attributes":{"ha":{"type":"bool","description":"When `true`, the control plane is deployed in high-availability mode.","description_kind":"markdown","optional":true},"kubernetes_version":{"type":"string","description":"Kubernetes version string (e.g., `1.28`). Available versions are listed in the ArubaCloud metadata API.","description_kind":"markdown","required":true},"node_pools":{"nested_type":{"attributes":{"autoscaling":{"type":"bool","description":"When `true`, the node pool scales automatically between `min_count` and `max_count`.","description_kind":"markdown","optional":true},"instance":{"type":"string","description":"Compute flavour for cluster nodes (e.g., `CSO4A8`). See [available flavours](https://api.arubacloud.com/docs/metadata/#cloudserver-flavors).","description_kind":"markdown","required":true},"max_count":{"type":"number","description":"Maximum number of nodes when autoscaling is enabled.","description_kind":"markdown","optional":true},"min_count":{"type":"number","description":"Minimum number of nodes when autoscaling is enabled.","description_kind":"markdown","optional":true},"name":{"type":"string","description":"Display name for the node pool.","description_kind":"markdown","required":true},"nodes":{"type":"number","description":"Number of worker nodes in the cluster.","description_kind":"markdown","required":true},"zone":{"type":"string","description":"Datacenter zone code where the node pool is deployed.","description_kind":"markdown","required":true}},"nesting_mode":"list"},"description":"One or more node pools that make up the cluster worker fleet.","description_kind":"markdown","required":true}},"nesting_mode":"single"},"description":"Kubernetes version and node-pool configuration.","description_kind":"markdown","required":true},"tags":{"type":["list","string"],"description":"List of string tags attached to the resource for filtering and organisation.","description_kind":"markdown","optional":true},"timeout":{"type":"string","description":"Per-resource timeout override (e.g. `\"15m\"`, `\"1h\"`). Overrides the provider-level `resource_timeout` for this resource's Create and Delete operations. Uses Go duration syntax.","description_kind":"markdown","optional":true},"uri":{"type":"string","description":"Computed by the API. Full resource URI used as a reference value in other resources.","description_kind":"markdown","computed":true}},"description":"Manages an ArubaCloud Kubernetes cluster (KaaS — Kubernetes-as-a-Service).","description_kind":"markdown"}},"arubacloud_keypair":{"version":0,"block":{"attributes":{"id":{"type":"string","description":"Computed by the API. Unique identifier for the resource.","description_kind":"markdown","computed":true},"location":{"type":"string","description":"Region identifier for the resource (e.g., `ITBG-Bergamo`). See the [available locations and zones](https://api.arubacloud.com/docs/metadata/#location-and-data-center). (Immutable — changing this value forces the resource to be destroyed and re-created.)","description_kind":"markdown","required":true},"name":{"type":"string","description":"Display name for the KeyPair. (Immutable — changing this value forces the resource to be destroyed and re-created.)","description_kind":"markdown","required":true},"project_id":{"type":"string","description":"ID of the project that owns this resource. (Immutable — changing this value forces the resource to be destroyed and re-created.)","description_kind":"markdown","required":true},"tags":{"type":["list","string"],"description":"List of string tags attached to the resource for filtering and organisation.","description_kind":"markdown","optional":true},"timeout":{"type":"string","description":"Per-resource timeout override (e.g. `\"15m\"`, `\"1h\"`). Overrides the provider-level `resource_timeout` for this resource's Create and Delete operations. Uses Go duration syntax.","description_kind":"markdown","optional":true},"uri":{"type":"string","description":"Computed by the API. Full resource URI used as a reference value in other resources (e.g., as a `*_uri_ref` attribute).","description_kind":"markdown","computed":true},"value":{"type":"string","description":"OpenSSH-format public key string (e.g., `ssh-rsa AAAA...`). The provider uploads this to ArubaCloud; the corresponding private key is never stored. Write-only — this value is sent to the API but is not returned in subsequent read responses. (Immutable — changing this value forces the resource to be destroyed and re-created.)","description_kind":"markdown","required":true,"sensitive":true}},"description":"Manages an ArubaCloud SSH KeyPair.","description_kind":"markdown"}},"arubacloud_kms":{"version":0,"block":{"attributes":{"billing_period":{"type":"string","description":"Billing cycle. Accepted values: `Hour`, `Month`, `Year`.","description_kind":"markdown","optional":true,"computed":true},"id":{"type":"string","description":"Computed by the API. Unique identifier for the resource.","description_kind":"markdown","computed":true},"location":{"type":"string","description":"Region identifier (e.g., `ITBG-Bergamo`). See the [available locations and zones](https://api.arubacloud.com/docs/metadata/#location-and-data-center).","description_kind":"markdown","optional":true,"computed":true},"name":{"type":"string","description":"Display name for the KMS instance.","description_kind":"markdown","required":true},"project_id":{"type":"string","description":"ID of the project that owns this resource.","description_kind":"markdown","required":true},"tags":{"type":["list","string"],"description":"List of string tags attached to the resource for filtering and organisation.","description_kind":"markdown","optional":true},"timeout":{"type":"string","description":"Per-resource timeout override (e.g. `\"15m\"`, `\"1h\"`). Overrides the provider-level `resource_timeout` for this resource's Create and Delete operations. Uses Go duration syntax.","description_kind":"markdown","optional":true},"uri":{"type":"string","description":"Computed by the API. Full resource URI used as a reference value in other resources.","description_kind":"markdown","computed":true}},"description":"Manages an ArubaCloud KMS (Key Management Service) instance for storing and managing encryption keys.","description_kind":"markdown"}},"arubacloud_project":{"version":0,"block":{"attributes":{"description":{"type":"string","description":"Optional human-readable description of the project.","description_kind":"markdown","optional":true},"id":{"type":"string","description":"Computed by the API. Unique identifier for the resource.","description_kind":"markdown","computed":true},"name":{"type":"string","description":"Display name for the Project.","description_kind":"markdown","required":true},"tags":{"type":["list","string"],"description":"List of string tags attached to the resource for filtering and organisation.","description_kind":"markdown","optional":true},"timeout":{"type":"string","description":"Per-resource timeout override (e.g. `\"15m\"`, `\"1h\"`). Overrides the provider-level `resource_timeout` for this resource's Create and Delete operations. Uses Go duration syntax.","description_kind":"markdown","optional":true}},"description":"Manages an ArubaCloud Project — the top-level organisational unit for all ArubaCloud resources.","description_kind":"markdown"}},"arubacloud_restore":{"version":0,"block":{"attributes":{"backup_id":{"type":"string","description":"ID of the backup to restore from. (Immutable — changing this value forces the resource to be destroyed and re-created.)","description_kind":"markdown","required":true},"id":{"type":"string","description":"Computed by the API. Unique identifier for the resource.","description_kind":"markdown","computed":true},"location":{"type":"string","description":"Region identifier (e.g., `ITBG-Bergamo`). See the [available locations and zones](https://api.arubacloud.com/docs/metadata/#location-and-data-center). (Immutable — changing this value forces the resource to be destroyed and re-created.)","description_kind":"markdown","required":true},"name":{"type":"string","description":"Display name for the restore operation.","description_kind":"markdown","required":true},"project_id":{"type":"string","description":"ID of the project that owns this resource. (Immutable — changing this value forces the resource to be destroyed and re-created.)","description_kind":"markdown","required":true},"tags":{"type":["list","string"],"description":"List of string tags attached to the resource for filtering and organisation.","description_kind":"markdown","optional":true},"timeout":{"type":"string","description":"Per-resource timeout override (e.g. `\"15m\"`, `\"1h\"`). Overrides the provider-level `resource_timeout` for this resource's Create and Delete operations. Uses Go duration syntax.","description_kind":"markdown","optional":true},"uri":{"type":"string","description":"Computed by the API. Full resource URI used as a reference value in other resources.","description_kind":"markdown","computed":true},"volume_id":{"type":"string","description":"ID of the target block storage volume to restore the backup onto. (Immutable — changing this value forces the resource to be destroyed and re-created.)","description_kind":"markdown","required":true}},"description":"Manages an ArubaCloud Block Storage Restore operation — restores a backup to a block storage volume.","description_kind":"markdown"}},"arubacloud_schedulejob":{"version":0,"block":{"attributes":{"id":{"type":"string","description":"Computed by the API. Unique identifier for the resource.","description_kind":"markdown","computed":true},"location":{"type":"string","description":"Region identifier (e.g., `ITBG-Bergamo`). See the [available locations and zones](https://api.arubacloud.com/docs/metadata/#location-and-data-center).","description_kind":"markdown","required":true},"name":{"type":"string","description":"Display name for the scheduled job.","description_kind":"markdown","required":true},"project_id":{"type":"string","description":"ID of the project that owns this resource.","description_kind":"markdown","required":true},"properties":{"nested_type":{"attributes":{"cron":{"type":"string","description":"Cron expression defining the job schedule (e.g., `0 * * * *` for hourly). Standard 5-field cron format.","description_kind":"markdown","optional":true},"enabled":{"type":"bool","description":"When `true`, the job is active and will trigger on schedule.","description_kind":"markdown","optional":true},"execute_until":{"type":"string","description":"ISO 8601 date-time after which a `Recurring` job stops executing.","description_kind":"markdown","optional":true},"schedule_at":{"type":"string","description":"ISO 8601 date-time at which the job executes once (required for `OneShot` type).","description_kind":"markdown","optional":true},"schedule_job_type":{"type":"string","description":"Execution mode of the job. Accepted values: `OneShot` (runs once at `schedule_at`), `Recurring` (repeats on a `cron` schedule).","description_kind":"markdown","required":true},"steps":{"nested_type":{"attributes":{"action_uri":{"type":"string","description":"URI of the API action to invoke on the target resource.","description_kind":"markdown","required":true},"body":{"type":"string","description":"Optional JSON request body sent with the HTTP call.","description_kind":"markdown","optional":true},"http_verb":{"type":"string","description":"HTTP method used to call the action URI (e.g., `GET`, `POST`, `PUT`, `DELETE`).","description_kind":"markdown","required":true},"name":{"type":"string","description":"Optional human-readable label for the step.","description_kind":"markdown","optional":true},"resource_uri":{"type":"string","description":"URI of the ArubaCloud resource that the step targets.","description_kind":"markdown","required":true}},"nesting_mode":"list"},"description":"Ordered list of API actions executed when the job triggers.","description_kind":"markdown","optional":true}},"nesting_mode":"single"},"description":"Job scheduling and execution configuration.","description_kind":"markdown","required":true},"tags":{"type":["list","string"],"description":"List of string tags attached to the resource for filtering and organisation.","description_kind":"markdown","optional":true},"timeout":{"type":"string","description":"Per-resource timeout override (e.g. `\"15m\"`, `\"1h\"`). Overrides the provider-level `resource_timeout` for this resource's Create and Delete operations. Uses Go duration syntax.","description_kind":"markdown","optional":true},"uri":{"type":"string","description":"Computed by the API. Full resource URI used as a reference value in other resources.","description_kind":"markdown","computed":true}},"description":"Manages an ArubaCloud Scheduled Job — a cron-triggered automation task.","description_kind":"markdown"}},"arubacloud_securitygroup":{"version":0,"block":{"attributes":{"id":{"type":"string","description":"Computed by the API. Unique identifier for the resource.","description_kind":"markdown","computed":true},"location":{"type":"string","description":"Region identifier for the resource (e.g., `ITBG-Bergamo`). See the [available locations and zones](https://api.arubacloud.com/docs/metadata/#location-and-data-center). (Immutable — changing this value forces the resource to be destroyed and re-created.)","description_kind":"markdown","required":true},"name":{"type":"string","description":"Display name for the security group.","description_kind":"markdown","required":true},"project_id":{"type":"string","description":"ID of the project that owns this resource. (Immutable — changing this value forces the resource to be destroyed and re-created.)","description_kind":"markdown","required":true},"tags":{"type":["list","string"],"description":"List of string tags attached to the resource for filtering and organisation.","description_kind":"markdown","optional":true},"timeout":{"type":"string","description":"Per-resource timeout override (e.g. `\"15m\"`, `\"1h\"`). Overrides the provider-level `resource_timeout` for this resource's Create and Delete operations. Uses Go duration syntax.","description_kind":"markdown","optional":true},"uri":{"type":"string","description":"Computed by the API. Full resource URI used as a reference value in other resources (e.g., as a `*_uri_ref` attribute).","description_kind":"markdown","computed":true},"vpc_id":{"type":"string","description":"ID of the VPC this security group is scoped to. (Immutable — changing this value forces the resource to be destroyed and re-created.)","description_kind":"markdown","required":true}},"description":"Manages an ArubaCloud Security Group — a named container for firewall rules applied to one or more `arubacloud_cloudserver` network interfaces. A security group is scoped to a VPC and a project. Individual rules are managed by separate `arubacloud_securityrule` resources.","description_kind":"markdown"}},"arubacloud_securityrule":{"version":0,"block":{"attributes":{"id":{"type":"string","description":"Computed by the API. Unique identifier for the resource.","description_kind":"markdown","computed":true},"location":{"type":"string","description":"Region identifier for the resource (e.g., `ITBG-Bergamo`). See the [available locations and zones](https://api.arubacloud.com/docs/metadata/#location-and-data-center). (Immutable — changing this value forces the resource to be destroyed and re-created.)","description_kind":"markdown","required":true},"name":{"type":"string","description":"Display name for the security rule.","description_kind":"markdown","required":true},"project_id":{"type":"string","description":"ID of the project that owns this resource. (Immutable — changing this value forces the resource to be destroyed and re-created.)","description_kind":"markdown","required":true},"properties":{"nested_type":{"attributes":{"direction":{"type":"string","description":"Traffic direction the rule applies to. Accepted values: `Ingress`, `Egress`. (Immutable — changing this value forces the resource to be destroyed and re-created.)","description_kind":"markdown","required":true},"port":{"type":"string","description":"Port or port range for TCP/UDP (e.g., `80` or `8080-8090`). Defaults to `*` (all ports) when omitted — the API normalises an omitted port to `*`, so the default keeps plan and state consistent. (Immutable — changing this value forces the resource to be destroyed and re-created.)","description_kind":"markdown","optional":true,"computed":true},"protocol":{"type":"string","description":"IP protocol. Accepted values: `TCP`, `UDP`, `ICMP`, `ANY` (case-insensitive — the value is normalised before sending to the API). (Immutable — changing this value forces the resource to be destroyed and re-created.)","description_kind":"markdown","required":true},"target":{"nested_type":{"attributes":{"kind":{"type":"string","description":"Type of the target endpoint. Accepted values: `IP`, `SecurityGroup` (case-insensitive — the value is normalised before sending to the API). (Immutable — changing this value forces the resource to be destroyed and re-created.)","description_kind":"markdown","required":true},"value":{"type":"string","description":"Source (inbound) or destination (outbound) CIDR in notation like `0.0.0.0/0`, or SecurityGroup URI. (Immutable — changing this value forces the resource to be destroyed and re-created.)","description_kind":"markdown","required":true}},"nesting_mode":"single"},"description":"Source (inbound) or destination (outbound) endpoint for this rule. (Immutable — changing this value forces the resource to be destroyed and re-created.)","description_kind":"markdown","required":true}},"nesting_mode":"single"},"description":"Traffic-matching properties of the security rule. All fields are immutable after creation — to change any of them, destroy and re-create the rule.","description_kind":"markdown","required":true},"security_group_id":{"type":"string","description":"ID of the security group this rule belongs to. (Immutable — changing this value forces the resource to be destroyed and re-created.)","description_kind":"markdown","required":true},"tags":{"type":["list","string"],"description":"List of string tags attached to the resource for filtering and organisation.","description_kind":"markdown","optional":true},"timeout":{"type":"string","description":"Per-resource timeout override (e.g. `\"15m\"`, `\"1h\"`). Overrides the provider-level `resource_timeout` for this resource's Create and Delete operations. Uses Go duration syntax.","description_kind":"markdown","optional":true},"uri":{"type":"string","description":"Computed by the API. Full resource URI used as a reference value in other resources (e.g., as a `*_uri_ref` attribute).","description_kind":"markdown","computed":true},"vpc_id":{"type":"string","description":"ID of the VPC this security rule belongs to. (Immutable — changing this value forces the resource to be destroyed and re-created.)","description_kind":"markdown","required":true}},"description":"Manages an individual ArubaCloud Security Rule within an `arubacloud_securitygroup`. Each rule defines allowed or denied traffic for one direction (inbound or outbound), protocol, port range, and source/destination CIDR. Most rule attributes are immutable after creation; to change them, destroy and re-create the rule.","description_kind":"markdown"}},"arubacloud_snapshot":{"version":0,"block":{"attributes":{"billing_period":{"type":"string","description":"Billing cycle. Accepted values: `Hour`, `Month`, `Year`.","description_kind":"markdown","required":true},"id":{"type":"string","description":"Computed by the API. Unique identifier for the resource.","description_kind":"markdown","computed":true},"location":{"type":"string","description":"Region identifier (e.g., `ITBG-Bergamo`). See the [available locations and zones](https://api.arubacloud.com/docs/metadata/#location-and-data-center). (Immutable — changing this value forces the resource to be destroyed and re-created.)","description_kind":"markdown","required":true},"name":{"type":"string","description":"Display name for the snapshot.","description_kind":"markdown","required":true},"project_id":{"type":"string","description":"ID of the project that owns this resource. (Immutable — changing this value forces the resource to be destroyed and re-created.)","description_kind":"markdown","required":true},"tags":{"type":["list","string"],"description":"List of string tags attached to the resource for filtering and organisation.","description_kind":"markdown","optional":true},"timeout":{"type":"string","description":"Per-resource timeout override (e.g. `\"15m\"`, `\"1h\"`). Overrides the provider-level `resource_timeout` for this resource's Create and Delete operations. Uses Go duration syntax.","description_kind":"markdown","optional":true},"uri":{"type":"string","description":"Computed by the API. Full resource URI used as a reference value in other resources.","description_kind":"markdown","computed":true},"volume_uri":{"type":"string","description":"URI of the block storage volume this snapshot is taken from. Reference the `uri` attribute of an `arubacloud_blockstorage` resource (e.g., `/projects/{project_id}/providers/Aruba.Storage/volumes/{volume_id}`). (Immutable — changing this value forces the resource to be destroyed and re-created.)","description_kind":"markdown","required":true}},"description":"Manages an ArubaCloud Snapshot — a point-in-time copy of a block storage volume.","description_kind":"markdown"}},"arubacloud_subnet":{"version":0,"block":{"attributes":{"id":{"type":"string","description":"Computed by the API. Unique identifier for the resource.","description_kind":"markdown","computed":true},"location":{"type":"string","description":"Region identifier for the resource (e.g., `ITBG-Bergamo`). See the [available locations and zones](https://api.arubacloud.com/docs/metadata/#location-and-data-center). (Immutable — changing this value forces the resource to be destroyed and re-created.)","description_kind":"markdown","required":true},"name":{"type":"string","description":"Display name for the subnet.","description_kind":"markdown","required":true},"network":{"nested_type":{"attributes":{"address":{"type":"string","description":"Subnet CIDR in RFC-1918 notation (e.g., `10.0.1.0/24`). Must fall within the parent VPC CIDR.","description_kind":"markdown","optional":true},"dhcp":{"nested_type":{"attributes":{"dns":{"type":["list","string"],"description":"List of DNS server IP addresses distributed to DHCP clients.","description_kind":"markdown","optional":true},"enabled":{"type":"bool","description":"Whether DHCP is enabled on this subnet.","description_kind":"markdown","optional":true},"range":{"nested_type":{"attributes":{"count":{"type":"number","description":"Number of consecutive IP addresses in the DHCP pool.","description_kind":"markdown","optional":true},"start":{"type":"string","description":"First IP address in the DHCP allocation range.","description_kind":"markdown","optional":true}},"nesting_mode":"single"},"description":"IP address range allocated to DHCP clients.","description_kind":"markdown","optional":true},"routes":{"nested_type":{"attributes":{"address":{"type":"string","description":"Destination network in CIDR notation. Must be within the subnet's `network.address` CIDR block (e.g., `10.0.1.128/25` when the subnet is `10.0.1.0/24`).","description_kind":"markdown","optional":true},"gateway":{"type":"string","description":"Gateway IP address for this route.","description_kind":"markdown","optional":true}},"nesting_mode":"list"},"description":"Static routes distributed to DHCP clients.","description_kind":"markdown","optional":true}},"nesting_mode":"single"},"description":"DHCP configuration for the subnet.","description_kind":"markdown","optional":true}},"nesting_mode":"single"},"description":"Network configuration block. Required when `type` is `Advanced`.","description_kind":"markdown","optional":true},"project_id":{"type":"string","description":"ID of the project that owns this resource. (Immutable — changing this value forces the resource to be destroyed and re-created.)","description_kind":"markdown","required":true},"tags":{"type":["list","string"],"description":"List of string tags attached to the resource for filtering and organisation.","description_kind":"markdown","optional":true},"timeout":{"type":"string","description":"Per-resource timeout override (e.g. `\"15m\"`, `\"1h\"`). Overrides the provider-level `resource_timeout` for this resource's Create and Delete operations. Uses Go duration syntax.","description_kind":"markdown","optional":true},"type":{"type":"string","description":"Subnet type. Accepted values: `Basic` (no custom CIDR), `Advanced` (requires the `network` block). (Immutable — changing this value forces the resource to be destroyed and re-created.)","description_kind":"markdown","required":true},"uri":{"type":"string","description":"Computed by the API. Full resource URI used as a reference value in other resources (e.g., as a `*_uri_ref` attribute).","description_kind":"markdown","computed":true},"vpc_id":{"type":"string","description":"ID of the parent VPC this subnet belongs to. (Immutable — changing this value forces the resource to be destroyed and re-created.)","description_kind":"markdown","required":true}},"description":"Manages an ArubaCloud Subnet within a VPC. Subnets can be Basic (default networking) or Advanced (custom CIDR with configurable DHCP pools, routes, and DNS). Changing `type`, `location`, `project_id`, or `vpc_id` destroys and re-creates the subnet. For `Advanced` subnets the `network` block is mandatory and must include a valid RFC-1918 CIDR.","description_kind":"markdown"}},"arubacloud_vpc":{"version":0,"block":{"attributes":{"id":{"type":"string","description":"Computed by the API. Unique identifier for the resource.","description_kind":"markdown","computed":true},"location":{"type":"string","description":"Region identifier for the resource (e.g., `ITBG-Bergamo`). Changing this value forces a new resource.","description_kind":"markdown","required":true},"name":{"type":"string","description":"Display name for the VPC.","description_kind":"markdown","required":true},"project_id":{"type":"string","description":"ID of the project that owns this resource. Changing this value forces a new resource.","description_kind":"markdown","required":true},"tags":{"type":["list","string"],"description":"List of string tags attached to the resource for filtering and organisation.","description_kind":"markdown","optional":true},"timeout":{"type":"string","description":"Per-resource timeout override (e.g. `\"15m\"`, `\"1h\"`). Overrides the provider-level `resource_timeout` for this resource's Create and Delete operations. Uses Go duration syntax.","description_kind":"markdown","optional":true},"uri":{"type":"string","description":"Computed by the API. Full resource URI used as a reference value in other resources.","description_kind":"markdown","computed":true}},"description":"Manages an ArubaCloud VPC (Virtual Private Cloud) — the isolated network boundary within a region where subnets, security groups, and server instances are provisioned.","description_kind":"markdown"}},"arubacloud_vpcpeering":{"version":0,"block":{"attributes":{"id":{"type":"string","description":"Computed by the API. Unique identifier for the resource.","description_kind":"markdown","computed":true},"location":{"type":"string","description":"Region identifier for the resource (e.g., `ITBG-Bergamo`). See the [available locations and zones](https://api.arubacloud.com/docs/metadata/#location-and-data-center).","description_kind":"markdown","required":true},"name":{"type":"string","description":"Display name for the VPC peering.","description_kind":"markdown","required":true},"peer_vpc":{"type":"string","description":"ID or URI of the remote peer VPC to connect to.","description_kind":"markdown","required":true},"project_id":{"type":"string","description":"ID of the project that owns this resource.","description_kind":"markdown","required":true},"tags":{"type":["list","string"],"description":"List of string tags attached to the resource for filtering and organisation.","description_kind":"markdown","optional":true},"timeout":{"type":"string","description":"Per-resource timeout override (e.g. `\"15m\"`, `\"1h\"`). Overrides the provider-level `resource_timeout` for this resource's Create and Delete operations. Uses Go duration syntax.","description_kind":"markdown","optional":true},"uri":{"type":"string","description":"Computed by the API. Full resource URI used as a reference value in other resources (e.g., as a `*_uri_ref` attribute).","description_kind":"markdown","computed":true},"vpc_id":{"type":"string","description":"ID of the local VPC initiating this peering connection.","description_kind":"markdown","required":true}},"description":"Manages an ArubaCloud VPC Peering connection between two VPCs, enabling private IP routing between them without traversing the public internet. Both VPCs must exist in the same region. Use `arubacloud_vpcpeeringroute` to configure the routes within each peered VPC.","description_kind":"markdown"}},"arubacloud_vpcpeeringroute":{"version":0,"block":{"attributes":{"billing_period":{"type":"string","description":"Billing cycle for the resource. Accepted values: `Hour`, `Month`, `Year`.","description_kind":"markdown","required":true},"id":{"type":"string","description":"Computed by the API. Unique identifier for the resource.","description_kind":"markdown","computed":true},"local_network_address":{"type":"string","description":"Local network CIDR that is reachable on this side of the peering (e.g., `10.0.1.0/24`).","description_kind":"markdown","required":true},"name":{"type":"string","description":"Display name for the VPC peering route.","description_kind":"markdown","required":true},"project_id":{"type":"string","description":"ID of the project that owns this resource.","description_kind":"markdown","required":true},"remote_network_address":{"type":"string","description":"Remote network CIDR reachable through the peering connection (e.g., `10.0.2.0/24`).","description_kind":"markdown","required":true},"tags":{"type":["list","string"],"description":"List of string tags attached to the resource for filtering and organisation.","description_kind":"markdown","optional":true},"timeout":{"type":"string","description":"Per-resource timeout override (e.g. `\"15m\"`, `\"1h\"`). Overrides the provider-level `resource_timeout` for this resource's Create and Delete operations. Uses Go duration syntax.","description_kind":"markdown","optional":true},"uri":{"type":"string","description":"Computed by the API. Full resource URI used as a reference value in other resources (e.g., as a `*_uri_ref` attribute).","description_kind":"markdown","computed":true},"vpc_id":{"type":"string","description":"ID of the VPC this peering route belongs to.","description_kind":"markdown","required":true},"vpc_peering_id":{"type":"string","description":"ID of the VPC peering connection this route belongs to.","description_kind":"markdown","required":true}},"description":"Manages a route entry within an ArubaCloud VPC Peering connection. Each route directs traffic destined for a specific CIDR block over the peering link. Routes must be created on both sides of the peering connection.","description_kind":"markdown"}},"arubacloud_vpnroute":{"version":0,"block":{"attributes":{"id":{"type":"string","description":"Computed by the API. Unique identifier for the resource.","description_kind":"markdown","computed":true},"location":{"type":"string","description":"Region identifier for the resource (e.g., `ITBG-Bergamo`). See the [available locations and zones](https://api.arubacloud.com/docs/metadata/#location-and-data-center).","description_kind":"markdown","required":true},"name":{"type":"string","description":"Display name for the VPN route.","description_kind":"markdown","required":true},"project_id":{"type":"string","description":"ID of the project that owns this resource.","description_kind":"markdown","required":true},"properties":{"nested_type":{"attributes":{"cloud_subnet":{"type":"string","description":"CIDR of the ArubaCloud-side subnet to route over this tunnel (e.g., `10.0.1.0/24`).","description_kind":"markdown","required":true},"on_prem_subnet":{"type":"string","description":"CIDR of the on-premises subnet reachable through this tunnel (e.g., `192.168.1.0/24`).","description_kind":"markdown","required":true}},"nesting_mode":"single"},"description":"Routing properties for the VPN route.","description_kind":"markdown","required":true},"tags":{"type":["list","string"],"description":"List of string tags attached to the resource for filtering and organisation.","description_kind":"markdown","optional":true},"timeout":{"type":"string","description":"Per-resource timeout override (e.g. `\"15m\"`, `\"1h\"`). Overrides the provider-level `resource_timeout` for this resource's Create and Delete operations. Uses Go duration syntax.","description_kind":"markdown","optional":true},"uri":{"type":"string","description":"Computed by the API. Full resource URI used as a reference value in other resources (e.g., as a `*_uri_ref` attribute).","description_kind":"markdown","computed":true},"vpn_tunnel_id":{"type":"string","description":"ID of the VPN tunnel this route is associated with.","description_kind":"markdown","required":true}},"description":"Manages a static route associated with an ArubaCloud VPN Tunnel. The route instructs the ArubaCloud gateway to forward traffic for a specified CIDR over the parent VPN tunnel.","description_kind":"markdown"}},"arubacloud_vpntunnel":{"version":0,"block":{"attributes":{"id":{"type":"string","description":"Computed by the API. Unique identifier for the resource.","description_kind":"markdown","computed":true},"location":{"type":"string","description":"Region identifier for the resource (e.g., `ITBG-Bergamo`). See the [available locations and zones](https://api.arubacloud.com/docs/metadata/#location-and-data-center).","description_kind":"markdown","required":true},"name":{"type":"string","description":"Display name for the VPN tunnel.","description_kind":"markdown","required":true},"project_id":{"type":"string","description":"ID of the project that owns this resource.","description_kind":"markdown","required":true},"properties":{"nested_type":{"attributes":{"billing_period":{"type":"string","description":"Billing cycle for the resource. Accepted values: `Hour`, `Month`, `Year`.","description_kind":"markdown","optional":true},"ip_configurations":{"nested_type":{"attributes":{"public_ip":{"nested_type":{"attributes":{"id":{"type":"string","description":"ID of the elastic public IP.","description_kind":"markdown","optional":true}},"nesting_mode":"single"},"description":"Reference to the elastic public IP assigned to this tunnel.","description_kind":"markdown","optional":true},"subnet":{"nested_type":{"attributes":{"cidr":{"type":"string","description":"CIDR block of the subnet (e.g. `192.168.10.0/24`). Required by the API.","description_kind":"markdown","optional":true},"id":{"type":"string","description":"ID of the subnet.","description_kind":"markdown","optional":true}},"nesting_mode":"single"},"description":"Reference to the subnet used by this tunnel.","description_kind":"markdown","optional":true},"vpc":{"nested_type":{"attributes":{"id":{"type":"string","description":"ID of the VPC.","description_kind":"markdown","optional":true}},"nesting_mode":"single"},"description":"Reference to the VPC this tunnel is attached to.","description_kind":"markdown","optional":true}},"nesting_mode":"single"},"description":"Network references for the VPN tunnel — VPC, subnet, and public IP.","description_kind":"markdown","optional":true},"vpn_client_protocol":{"type":"string","description":"IKE protocol version. Accepted values: `ikev2`.","description_kind":"markdown","optional":true},"vpn_client_settings":{"nested_type":{"attributes":{"esp":{"nested_type":{"attributes":{"encryption":{"type":"string","description":"ESP encryption algorithm (e.g., `aes256`).","description_kind":"markdown","optional":true},"hash":{"type":"string","description":"ESP integrity/hash algorithm (e.g., `sha256`).","description_kind":"markdown","optional":true},"lifetime":{"type":"number","description":"ESP phase-2 lifetime in seconds.","description_kind":"markdown","optional":true},"pfs":{"type":"string","description":"ESP Perfect Forward Secrecy group. Use `\"enable\"`, `\"disable\"`, or `\"dh-group\u003cN\u003e\"` (e.g. `\"dh-group14\"` for MODP-2048).","description_kind":"markdown","optional":true}},"nesting_mode":"single"},"description":"ESP (Encapsulating Security Payload) phase-2 settings.","description_kind":"markdown","optional":true},"ike":{"nested_type":{"attributes":{"dh_group":{"type":"string","description":"IKE Diffie-Hellman group. Use the numeric group identifier: `\"1\"`, `\"2\"`, `\"5\"`, `\"14\"` … `\"32\"`. The common choice for IKEv2 is `\"14\"` (MODP-2048).","description_kind":"markdown","optional":true},"dpd_action":{"type":"string","description":"Dead Peer Detection action on failure (e.g., `restart`).","description_kind":"markdown","optional":true},"dpd_interval":{"type":"number","description":"DPD keep-alive interval in seconds.","description_kind":"markdown","optional":true},"dpd_timeout":{"type":"number","description":"DPD timeout before the peer is considered dead, in seconds.","description_kind":"markdown","optional":true},"encryption":{"type":"string","description":"IKE encryption algorithm (e.g., `aes256`).","description_kind":"markdown","optional":true},"hash":{"type":"string","description":"IKE integrity/hash algorithm (e.g., `sha256`).","description_kind":"markdown","optional":true},"lifetime":{"type":"number","description":"IKE phase-1 lifetime in seconds.","description_kind":"markdown","optional":true}},"nesting_mode":"single"},"description":"IKE (Internet Key Exchange) phase-1 settings.","description_kind":"markdown","optional":true},"peer_client_public_ip":{"type":"string","description":"Public IP address of the remote peer (on-premises gateway).","description_kind":"markdown","optional":true},"psk":{"nested_type":{"attributes":{"cloud_site":{"type":"string","description":"IKE identity of the ArubaCloud side of the tunnel (\"PSK ID Aruba Side\" in the control panel). This is an **identifier**, not a key — the pre-shared key itself goes into `secret`. Equivalent to `leftid`/`rightid` in strongSwan or the local/remote ID in a Fortinet phase-1 configuration.","description_kind":"markdown","optional":true},"on_prem_site":{"type":"string","description":"IKE identity of the on-premises side of the tunnel (\"PSK ID On Prem Side\" in the control panel). This is an **identifier**, not a key — the pre-shared key itself goes into `secret`. With some firewalls (e.g. Fortinet) this must be set to the public IP of the on-premises gateway.","description_kind":"markdown","optional":true},"secret":{"type":"string","description":"Shared secret used to authenticate the VPN tunnel. Write-only — this value is sent to the API but is not returned in subsequent read responses.","description_kind":"markdown","optional":true}},"nesting_mode":"single"},"description":"Pre-Shared Key (PSK) authentication settings.","description_kind":"markdown","optional":true}},"nesting_mode":"single"},"description":"IKE/ESP/PSK client settings for the VPN tunnel.","description_kind":"markdown","optional":true},"vpn_type":{"type":"string","description":"Type of VPN tunnel. Accepted values: `Site-To-Site`.","description_kind":"markdown","optional":true}},"nesting_mode":"single"},"description":"Configuration properties for the VPN tunnel.","description_kind":"markdown","required":true},"tags":{"type":["list","string"],"description":"List of string tags attached to the resource for filtering and organisation.","description_kind":"markdown","optional":true},"timeout":{"type":"string","description":"Per-resource timeout override (e.g. `\"15m\"`, `\"1h\"`). Overrides the provider-level `resource_timeout` for this resource's Create and Delete operations. Uses Go duration syntax.","description_kind":"markdown","optional":true},"uri":{"type":"string","description":"Computed by the API. Full resource URI used as a reference value in other resources (e.g., as a `*_uri_ref` attribute).","description_kind":"markdown","computed":true}},"description":"Manages an ArubaCloud IPSec VPN Tunnel — a site-to-site connection between an ArubaCloud VPC and an external on-premises or cloud network. The tunnel is established using a pre-shared key. Use `arubacloud_vpnroute` resources to configure which CIDRs are routed over the tunnel.","description_kind":"markdown"}}},"data_source_schemas":{"arubacloud_backup":{"version":0,"block":{"attributes":{"billing_period":{"type":"string","description":"Billing cycle. Accepted values: `Hour`, `Month`, `Year`.","description_kind":"markdown","computed":true},"id":{"type":"string","description":"Unique identifier of the backup to look up.","description_kind":"markdown","required":true},"location":{"type":"string","description":"Region identifier (e.g., `ITBG-Bergamo`). See the [available locations and zones](https://api.arubacloud.com/docs/metadata/#location-and-data-center).","description_kind":"markdown","computed":true},"name":{"type":"string","description":"Display name for the backup.","description_kind":"markdown","computed":true},"project_id":{"type":"string","description":"ID of the project that owns this resource.","description_kind":"markdown","required":true},"retention_days":{"type":"number","description":"Number of days to retain the backup before automatic deletion. Optional — if omitted, the backup is retained indefinitely.","description_kind":"markdown","computed":true},"tags":{"type":["list","string"],"description":"List of string tags attached to the resource for filtering and organisation.","description_kind":"markdown","computed":true},"type":{"type":"string","description":"Backup type. Accepted values: `Full`, `Incremental`.","description_kind":"markdown","computed":true},"uri":{"type":"string","description":"Computed by the API. Full resource URI. Use this value in `*_uri_ref` attributes of other resources.","description_kind":"markdown","computed":true},"volume_id":{"type":"string","description":"ID of the block storage volume this backup was taken from.","description_kind":"markdown","computed":true}},"description":"Retrieves read-only information about an existing ArubaCloud Block Storage Backup.","description_kind":"markdown"}},"arubacloud_blockstorage":{"version":0,"block":{"attributes":{"billing_period":{"type":"string","description":"Billing cycle. Accepted values: `Hour`, `Month`, `Year`.","description_kind":"markdown","computed":true},"bootable":{"type":"bool","description":"Whether this volume can be used as a boot volume for an `arubacloud_cloudserver`. Must be `true` when `image` is set.","description_kind":"markdown","computed":true},"id":{"type":"string","description":"Unique identifier of the block storage volume to look up.","description_kind":"markdown","required":true},"image":{"type":"string","description":"Image ID to use when creating a bootable volume. Required when `bootable` is `true`. See the [available images](https://api.arubacloud.com/docs/metadata/#cloud-server-bootvolume).","description_kind":"markdown","computed":true},"location":{"type":"string","description":"Region identifier (e.g., `ITBG-Bergamo`). See the [available locations and zones](https://api.arubacloud.com/docs/metadata/#location-and-data-center).","description_kind":"markdown","computed":true},"name":{"type":"string","description":"Display name for the block storage volume.","description_kind":"markdown","computed":true},"project_id":{"type":"string","description":"ID of the project that owns this resource.","description_kind":"markdown","required":true},"size_gb":{"type":"number","description":"Size of the block storage volume in GiB. Must be a positive integer.","description_kind":"markdown","computed":true},"snapshot_id":{"type":"string","description":"ID of the snapshot this volume was created from, if any.","description_kind":"markdown","computed":true},"tags":{"type":["list","string"],"description":"List of string tags attached to the resource for filtering and organisation.","description_kind":"markdown","computed":true},"type":{"type":"string","description":"Storage type. Accepted values: `Standard`, `Performance`.","description_kind":"markdown","computed":true},"uri":{"type":"string","description":"Computed by the API. Full resource URI. Use this value in `*_uri_ref` attributes of other resources.","description_kind":"markdown","computed":true},"zone":{"type":"string","description":"Availability zone within the region. If omitted the volume is regional (accessible across all zones).","description_kind":"markdown","computed":true}},"description":"Retrieves read-only information about an existing ArubaCloud Block Storage volume.","description_kind":"markdown"}},"arubacloud_cloudserver":{"version":0,"block":{"attributes":{"boot_volume_uri_ref":{"type":"string","description":"URI of the bootable block storage volume.","description_kind":"markdown","computed":true},"elastic_ip_uri_ref":{"type":"string","description":"URI of the Elastic IP associated with this CloudServer, if any.","description_kind":"markdown","computed":true},"flavor_name":{"type":"string","description":"Compute flavour name (e.g., `CSO4A8` for 4 vCPU / 8 GB RAM).","description_kind":"markdown","computed":true},"id":{"type":"string","description":"Computed by the API. Unique identifier for the resource.","description_kind":"markdown","required":true},"key_pair_uri_ref":{"type":"string","description":"URI of the SSH key pair injected at boot.","description_kind":"markdown","computed":true},"location":{"type":"string","description":"Region identifier for the resource (e.g., `ITBG-Bergamo`).","description_kind":"markdown","computed":true},"name":{"type":"string","description":"Display name for the CloudServer.","description_kind":"markdown","computed":true},"private_ip":{"type":"string","description":"DHCP-assigned private IPv4 address of the CloudServer, as returned by the API.","description_kind":"markdown","computed":true},"project_id":{"type":"string","description":"ID of the project that owns this resource.","description_kind":"markdown","required":true},"securitygroup_uri_refs":{"type":["list","string"],"description":"List of security group URIs applied to this CloudServer.","description_kind":"markdown","computed":true},"subnet_uri_refs":{"type":["list","string"],"description":"List of subnet URIs attached to this CloudServer.","description_kind":"markdown","computed":true},"tags":{"type":["list","string"],"description":"List of string tags attached to the resource for filtering and organisation.","description_kind":"markdown","computed":true},"uri":{"type":"string","description":"Computed by the API. Full resource URI.","description_kind":"markdown","computed":true},"user_data":{"type":"string","description":"Cloud-Init configuration passed to the instance at first boot.","description_kind":"markdown","computed":true},"vpc_uri_ref":{"type":"string","description":"URI of the VPC attached to this CloudServer.","description_kind":"markdown","computed":true},"zone":{"type":"string","description":"Availability zone within the region (e.g., `ITBG-1`).","description_kind":"markdown","computed":true}},"description":"Retrieves read-only information about an existing ArubaCloud CloudServer virtual machine.","description_kind":"markdown"}},"arubacloud_containerregistry":{"version":0,"block":{"attributes":{"admin_user":{"type":"string","description":"Administrator username for the registry.","description_kind":"markdown","computed":true},"billing_period":{"type":"string","description":"Billing cycle. Accepted values: `Hour`, `Month`, `Year`.","description_kind":"markdown","computed":true},"block_storage_uri_ref":{"type":"string","description":"URI of the block storage volume backing the registry image store.","description_kind":"markdown","computed":true},"concurrent_users_flavor":{"type":"string","description":"Concurrency tier for simultaneous push/pull sessions (`Small`, `Medium`, `HighPerf`).","description_kind":"markdown","computed":true},"id":{"type":"string","description":"Unique identifier of the container registry to look up.","description_kind":"markdown","required":true},"location":{"type":"string","description":"Region identifier (e.g., `ITBG-Bergamo`). See the [available locations and zones](https://api.arubacloud.com/docs/metadata/#location-and-data-center).","description_kind":"markdown","computed":true},"name":{"type":"string","description":"Display name for the container registry.","description_kind":"markdown","computed":true},"project_id":{"type":"string","description":"ID of the project that owns this resource.","description_kind":"markdown","required":true},"public_ip_uri_ref":{"type":"string","description":"URI of the Elastic IP that exposes the registry endpoint.","description_kind":"markdown","computed":true},"security_group_uri_ref":{"type":"string","description":"URI of the security group controlling registry traffic.","description_kind":"markdown","computed":true},"subnet_uri_ref":{"type":"string","description":"URI of the subnet within the VPC.","description_kind":"markdown","computed":true},"tags":{"type":["list","string"],"description":"List of string tags attached to the resource for filtering and organisation.","description_kind":"markdown","computed":true},"uri":{"type":"string","description":"Computed by the API. Full resource URI used as a reference value in other resources.","description_kind":"markdown","computed":true},"vpc_uri_ref":{"type":"string","description":"URI of the VPC that hosts the registry.","description_kind":"markdown","computed":true}},"description":"Retrieves information about an existing ArubaCloud Container Registry.","description_kind":"markdown"}},"arubacloud_database":{"version":0,"block":{"attributes":{"dbaas_id":{"type":"string","description":"ID of the parent DBaaS cluster this database belongs to.","description_kind":"markdown","required":true},"id":{"type":"string","description":"Unique identifier of the database to look up (same as the database name).","description_kind":"markdown","required":true},"name":{"type":"string","description":"Display name for the database.","description_kind":"markdown","computed":true},"project_id":{"type":"string","description":"ID of the project that owns this resource.","description_kind":"markdown","required":true},"uri":{"type":"string","description":"Computed by the API. Full resource URI. Use this value in `*_uri_ref` attributes of other resources.","description_kind":"markdown","computed":true}},"description":"Retrieves read-only information about an existing ArubaCloud database within a DBaaS cluster.","description_kind":"markdown"}},"arubacloud_databasebackup":{"version":0,"block":{"attributes":{"billing_period":{"type":"string","description":"Billing cycle. Accepted values: `Hour`, `Month`, `Year`.","description_kind":"markdown","computed":true},"database":{"type":"string","description":"Name or ID of the logical database this backup was taken from.","description_kind":"markdown","computed":true},"dbaas_id":{"type":"string","description":"ID of the DBaaS cluster this backup belongs to.","description_kind":"markdown","computed":true},"id":{"type":"string","description":"Unique identifier of the database backup to look up.","description_kind":"markdown","required":true},"location":{"type":"string","description":"Region identifier where the backup is stored.","description_kind":"markdown","computed":true},"name":{"type":"string","description":"Display name for the database backup.","description_kind":"markdown","computed":true},"project_id":{"type":"string","description":"ID of the project that owns this resource.","description_kind":"markdown","required":true},"tags":{"type":["list","string"],"description":"List of string tags attached to the resource for filtering and organisation.","description_kind":"markdown","computed":true},"uri":{"type":"string","description":"Computed by the API. Full resource URI. Use this value in `*_uri_ref` attributes of other resources.","description_kind":"markdown","computed":true},"zone":{"type":"string","description":"Availability zone within the region where the backup is stored.","description_kind":"markdown","computed":true}},"description":"Retrieves read-only information about an existing ArubaCloud database backup.","description_kind":"markdown"}},"arubacloud_databasegrant":{"version":0,"block":{"attributes":{"database":{"type":"string","description":"ID of the database this grant applies to.","description_kind":"markdown","required":true},"dbaas_id":{"type":"string","description":"ID of the parent DBaaS cluster this grant belongs to.","description_kind":"markdown","required":true},"id":{"type":"string","description":"Computed by the API. Unique identifier for the grant (composite key: `project_id/dbaas_id/database/user_id`).","description_kind":"markdown","computed":true},"project_id":{"type":"string","description":"ID of the project that owns this resource.","description_kind":"markdown","required":true},"role":{"type":"string","description":"Privilege level granted to the user on the database.","description_kind":"markdown","computed":true},"uri":{"type":"string","description":"Computed by the API. Full resource URI. Use this value in `*_uri_ref` attributes of other resources.","description_kind":"markdown","computed":true},"user_id":{"type":"string","description":"Name or ID of the DBaaS user whose grant is being looked up.","description_kind":"markdown","required":true}},"description":"Retrieves read-only information about an existing ArubaCloud database grant.","description_kind":"markdown"}},"arubacloud_dbaas":{"version":0,"block":{"attributes":{"autoscaling_available_space":{"type":"number","description":"Computed by the API. Minimum available space threshold in GB that triggers autoscaling.","description_kind":"markdown","computed":true},"autoscaling_enabled":{"type":"bool","description":"Computed by the API. Whether storage autoscaling is enabled.","description_kind":"markdown","computed":true},"autoscaling_step_size":{"type":"number","description":"Computed by the API. Amount of storage (in GB) added on each autoscaling event.","description_kind":"markdown","computed":true},"billing_period":{"type":"string","description":"Billing cycle. Accepted values: `Hour`, `Month`, `Year`.","description_kind":"markdown","computed":true},"elastic_ip_uri_ref":{"type":"string","description":"Computed by the API. URI reference to the Elastic IP attached to the DBaaS cluster, if any.","description_kind":"markdown","computed":true},"engine_id":{"type":"string","description":"Database engine type and version identifier (e.g., `mysql-8.0`, `postgresql-15`).","description_kind":"markdown","computed":true},"flavor":{"type":"string","description":"Compute flavour for the DBaaS cluster nodes (e.g., `DBO2A4`).","description_kind":"markdown","computed":true},"id":{"type":"string","description":"Unique identifier of the DBaaS cluster to look up.","description_kind":"markdown","required":true},"location":{"type":"string","description":"Region identifier (e.g., `ITBG-Bergamo`). See the [available locations and zones](https://api.arubacloud.com/docs/metadata/#location-and-data-center).","description_kind":"markdown","computed":true},"name":{"type":"string","description":"Display name for the DBaaS cluster.","description_kind":"markdown","computed":true},"project_id":{"type":"string","description":"ID of the project that owns this resource.","description_kind":"markdown","required":true},"security_group_uri_ref":{"type":"string","description":"Computed by the API. URI reference to the Security Group attached to the DBaaS cluster.","description_kind":"markdown","computed":true},"storage_size_gb":{"type":"number","description":"Computed by the API. Storage size in GB allocated to the DBaaS instance.","description_kind":"markdown","computed":true},"subnet_uri_ref":{"type":"string","description":"Computed by the API. URI reference to the Subnet the DBaaS cluster is attached to.","description_kind":"markdown","computed":true},"tags":{"type":["list","string"],"description":"List of string tags attached to the resource for filtering and organisation.","description_kind":"markdown","computed":true},"uri":{"type":"string","description":"Computed by the API. Full resource URI used as a reference value in other resources.","description_kind":"markdown","computed":true},"vpc_uri_ref":{"type":"string","description":"Computed by the API. URI reference to the VPC the DBaaS cluster is attached to.","description_kind":"markdown","computed":true},"zone":{"type":"string","description":"Availability zone within the region where the DBaaS cluster is deployed.","description_kind":"markdown","computed":true}},"description":"Retrieves read-only information about an existing ArubaCloud DBaaS cluster.","description_kind":"markdown"}},"arubacloud_dbaasuser":{"version":0,"block":{"attributes":{"dbaas_id":{"type":"string","description":"ID of the parent DBaaS cluster this user belongs to.","description_kind":"markdown","required":true},"id":{"type":"string","description":"Computed by the API. Unique identifier for the resource (same as the username).","description_kind":"markdown","computed":true},"password":{"type":"string","description":"Password for the DBaaS user. Write-only — this value is sent to the API but is not returned in subsequent read responses.","description_kind":"markdown","computed":true,"sensitive":true},"project_id":{"type":"string","description":"ID of the project that owns this resource.","description_kind":"markdown","required":true},"uri":{"type":"string","description":"Computed by the API. Full resource URI. Use this value in `*_uri_ref` attributes of other resources.","description_kind":"markdown","computed":true},"username":{"type":"string","description":"Username of the DBaaS user to look up.","description_kind":"markdown","required":true}},"description":"Retrieves read-only information about an existing ArubaCloud DBaaS user.","description_kind":"markdown"}},"arubacloud_elasticip":{"version":0,"block":{"attributes":{"address":{"type":"string","description":"Computed by the API. Public IPv4 address allocated for this Elastic IP.","description_kind":"markdown","computed":true},"billing_period":{"type":"string","description":"Billing cycle for the resource. Accepted values: `Hour`, `Month`, `Year`.","description_kind":"markdown","computed":true},"id":{"type":"string","description":"Computed by the API. Unique identifier for the resource.","description_kind":"markdown","required":true},"location":{"type":"string","description":"Region identifier for the resource (e.g., `ITBG-Bergamo`). See the [available locations and zones](https://api.arubacloud.com/docs/metadata/#location-and-data-center).","description_kind":"markdown","computed":true},"name":{"type":"string","description":"Display name for the Elastic IP.","description_kind":"markdown","computed":true},"project_id":{"type":"string","description":"ID of the project that owns this resource.","description_kind":"markdown","required":true},"tags":{"type":["list","string"],"description":"List of string tags attached to the resource for filtering and organisation.","description_kind":"markdown","computed":true},"uri":{"type":"string","description":"Computed by the API. Full resource URI. Use this value in `*_uri_ref` attributes of other resources.","description_kind":"markdown","computed":true}},"description":"Retrieves read-only information about an existing ArubaCloud Elastic IP.","description_kind":"markdown"}},"arubacloud_kaas":{"version":0,"block":{"attributes":{"billing_period":{"type":"string","description":"Billing cycle. Accepted values: `Hour`, `Month`, `Year`.","description_kind":"markdown","computed":true},"ha":{"type":"bool","description":"Whether the control plane is deployed in high-availability mode.","description_kind":"markdown","computed":true},"id":{"type":"string","description":"Unique identifier of the KaaS cluster to look up.","description_kind":"markdown","required":true},"kubeconfig":{"type":"string","description":"Computed by the API. Kubeconfig YAML for kubectl access. Write-only — this value is sent to the API but is not returned in subsequent read responses.","description_kind":"markdown","computed":true,"sensitive":true},"kubernetes_version":{"type":"string","description":"Kubernetes version string (e.g., `1.28`). Available versions are listed in the ArubaCloud metadata API.","description_kind":"markdown","computed":true},"location":{"type":"string","description":"Region identifier (e.g., `ITBG-Bergamo`). See the [available locations and zones](https://api.arubacloud.com/docs/metadata/#location-and-data-center).","description_kind":"markdown","computed":true},"management_ip":{"type":"string","description":"Computed by the API. Management IP address of the cluster control plane.","description_kind":"markdown","computed":true},"name":{"type":"string","description":"Display name for the KaaS cluster.","description_kind":"markdown","computed":true},"node_cidr_address":{"type":"string","description":"Node CIDR address in CIDR notation.","description_kind":"markdown","computed":true},"node_cidr_name":{"type":"string","description":"Human-readable label for the node CIDR block.","description_kind":"markdown","computed":true},"node_pools":{"nested_type":{"attributes":{"autoscaling":{"type":"bool","description":"Whether autoscaling is enabled for this node pool.","description_kind":"markdown","computed":true},"instance":{"type":"string","description":"Compute flavour for cluster nodes.","description_kind":"markdown","computed":true},"max_count":{"type":"number","description":"Maximum number of nodes when autoscaling is enabled.","description_kind":"markdown","computed":true},"min_count":{"type":"number","description":"Minimum number of nodes when autoscaling is enabled.","description_kind":"markdown","computed":true},"name":{"type":"string","description":"Display name for the node pool.","description_kind":"markdown","computed":true},"nodes":{"type":"number","description":"Number of worker nodes in the cluster.","description_kind":"markdown","computed":true},"zone":{"type":"string","description":"Datacenter zone code where the node pool is deployed.","description_kind":"markdown","computed":true}},"nesting_mode":"list"},"description":"Node pools that make up the cluster worker fleet.","description_kind":"markdown","computed":true},"pod_cidr":{"type":"string","description":"CIDR block used for pod networking within the cluster.","description_kind":"markdown","computed":true},"project_id":{"type":"string","description":"ID of the project that owns this resource.","description_kind":"markdown","required":true},"security_group_id":{"type":"string","description":"Unique identifier of the security group created by the KaaS cluster. Use this value as the `id` input to the `arubacloud_securitygroup` data source.","description_kind":"markdown","computed":true},"security_group_name":{"type":"string","description":"Name of the security group applied to cluster nodes.","description_kind":"markdown","computed":true},"subnet_uri_ref":{"type":"string","description":"URI of the subnet within the VPC.","description_kind":"markdown","computed":true},"tags":{"type":["list","string"],"description":"List of string tags attached to the resource for filtering and organisation.","description_kind":"markdown","computed":true},"uri":{"type":"string","description":"Computed by the API. Full resource URI used as a reference value in other resources.","description_kind":"markdown","computed":true},"vpc_uri_ref":{"type":"string","description":"URI of the VPC that hosts the cluster.","description_kind":"markdown","computed":true}},"description":"Retrieves information about an existing ArubaCloud KaaS (Kubernetes-as-a-Service) cluster.","description_kind":"markdown"}},"arubacloud_keypair":{"version":0,"block":{"attributes":{"id":{"type":"string","description":"Computed by the API. Unique identifier for the resource.","description_kind":"markdown","required":true},"location":{"type":"string","description":"Region identifier for the resource (e.g., `ITBG-Bergamo`). See the [available locations and zones](https://api.arubacloud.com/docs/metadata/#location-and-data-center).","description_kind":"markdown","computed":true},"name":{"type":"string","description":"Display name for the KeyPair.","description_kind":"markdown","computed":true},"project_id":{"type":"string","description":"ID of the project that owns this resource.","description_kind":"markdown","required":true},"tags":{"type":["list","string"],"description":"List of string tags attached to the resource for filtering and organisation.","description_kind":"markdown","computed":true},"uri":{"type":"string","description":"Computed by the API. Full resource URI. Use this value in `*_uri_ref` attributes of other resources.","description_kind":"markdown","computed":true},"value":{"type":"string","description":"OpenSSH-format public key string (e.g., `ssh-rsa AAAA...`). The provider uploads this to ArubaCloud; the corresponding private key is never stored.","description_kind":"markdown","computed":true}},"description":"Retrieves read-only information about an existing ArubaCloud SSH KeyPair.","description_kind":"markdown"}},"arubacloud_kms":{"version":0,"block":{"attributes":{"description":{"type":"string","description":"Optional human-readable description of the KMS instance.","description_kind":"markdown","computed":true},"endpoint":{"type":"string","description":"Computed by the API. Endpoint URL used to interact with the KMS service.","description_kind":"markdown","computed":true},"id":{"type":"string","description":"Unique identifier of the KMS instance to look up.","description_kind":"markdown","required":true},"name":{"type":"string","description":"Display name for the KMS instance.","description_kind":"markdown","computed":true},"project_id":{"type":"string","description":"ID of the project that owns this resource.","description_kind":"markdown","required":true},"uri":{"type":"string","description":"Computed by the API. Full resource URI. Use this value in `*_uri_ref` attributes of other resources.","description_kind":"markdown","computed":true}},"description":"Retrieves information about an existing ArubaCloud KMS (Key Management Service) instance.","description_kind":"markdown"}},"arubacloud_project":{"version":0,"block":{"attributes":{"description":{"type":"string","description":"Optional human-readable description of the project.","description_kind":"markdown","computed":true},"id":{"type":"string","description":"Computed by the API. Unique identifier for the resource.","description_kind":"markdown","required":true},"name":{"type":"string","description":"Display name for the Project.","description_kind":"markdown","computed":true},"tags":{"type":["list","string"],"description":"List of string tags attached to the resource for filtering and organisation.","description_kind":"markdown","computed":true}},"description":"Retrieves read-only information about an existing ArubaCloud Project.","description_kind":"markdown"}},"arubacloud_restore":{"version":0,"block":{"attributes":{"backup_id":{"type":"string","description":"ID of the backup this restore operation belongs to.","description_kind":"markdown","required":true},"id":{"type":"string","description":"Unique identifier of the restore operation to look up.","description_kind":"markdown","required":true},"location":{"type":"string","description":"Region identifier (e.g., `ITBG-Bergamo`). See the [available locations and zones](https://api.arubacloud.com/docs/metadata/#location-and-data-center).","description_kind":"markdown","computed":true},"name":{"type":"string","description":"Display name for the restore operation.","description_kind":"markdown","computed":true},"project_id":{"type":"string","description":"ID of the project that owns this resource.","description_kind":"markdown","required":true},"tags":{"type":["list","string"],"description":"List of string tags attached to the resource for filtering and organisation.","description_kind":"markdown","computed":true},"uri":{"type":"string","description":"Computed by the API. Full resource URI. Use this value in `*_uri_ref` attributes of other resources.","description_kind":"markdown","computed":true},"volume_id":{"type":"string","description":"ID of the target block storage volume that was restored.","description_kind":"markdown","computed":true}},"description":"Retrieves read-only information about an existing ArubaCloud Block Storage Restore operation.","description_kind":"markdown"}},"arubacloud_schedulejob":{"version":0,"block":{"attributes":{"cron":{"type":"string","description":"Cron expression defining the job schedule (e.g., `0 * * * *` for hourly). Standard 5-field cron format.","description_kind":"markdown","computed":true},"description":{"type":"string","description":"Optional human-readable description of the scheduled job.","description_kind":"markdown","computed":true},"id":{"type":"string","description":"Unique identifier of the scheduled job to look up.","description_kind":"markdown","required":true},"name":{"type":"string","description":"Display name for the scheduled job.","description_kind":"markdown","computed":true},"project_id":{"type":"string","description":"ID of the project that owns this resource.","description_kind":"markdown","required":true},"uri":{"type":"string","description":"Computed by the API. Full resource URI. Use this value in `*_uri_ref` attributes of other resources.","description_kind":"markdown","computed":true}},"description":"Retrieves information about an existing ArubaCloud Scheduled Job.","description_kind":"markdown"}},"arubacloud_securitygroup":{"version":0,"block":{"attributes":{"id":{"type":"string","description":"Unique identifier of the security group to look up.","description_kind":"markdown","required":true},"location":{"type":"string","description":"Region identifier for the resource (e.g., `ITBG-Bergamo`). See the [available locations and zones](https://api.arubacloud.com/docs/metadata/#location-and-data-center).","description_kind":"markdown","computed":true},"name":{"type":"string","description":"Display name for the security group.","description_kind":"markdown","computed":true},"project_id":{"type":"string","description":"ID of the project that owns this resource.","description_kind":"markdown","required":true},"tags":{"type":["list","string"],"description":"List of string tags attached to the resource for filtering and organisation.","description_kind":"markdown","computed":true},"uri":{"type":"string","description":"Computed by the API. Full resource URI. Use this value in `*_uri_ref` attributes of other resources.","description_kind":"markdown","computed":true},"vpc_id":{"type":"string","description":"ID of the VPC this security group is scoped to.","description_kind":"markdown","required":true}},"description":"Retrieves read-only information about an existing `arubacloud_securitygroup`. Use this data source to look up a security group's URI for use in CloudServer network configurations.","description_kind":"markdown"}},"arubacloud_securityrule":{"version":0,"block":{"attributes":{"direction":{"type":"string","description":"Traffic direction the rule applies to. Accepted values: `Ingress`, `Egress`.","description_kind":"markdown","computed":true},"id":{"type":"string","description":"Unique identifier of the security rule to look up.","description_kind":"markdown","required":true},"location":{"type":"string","description":"Region identifier for the resource (e.g., `ITBG-Bergamo`). See the [available locations and zones](https://api.arubacloud.com/docs/metadata/#location-and-data-center).","description_kind":"markdown","computed":true},"name":{"type":"string","description":"Display name for the security rule.","description_kind":"markdown","computed":true},"port":{"type":"string","description":"Port or port range for TCP/UDP (e.g., `80` or `8080-8090`). Use `0` for ICMP or ANY.","description_kind":"markdown","computed":true},"project_id":{"type":"string","description":"ID of the project that owns this resource.","description_kind":"markdown","required":true},"protocol":{"type":"string","description":"IP protocol. Accepted values: `TCP`, `UDP`, `ICMP`, `ANY`.","description_kind":"markdown","computed":true},"security_group_id":{"type":"string","description":"ID of the security group this rule belongs to.","description_kind":"markdown","required":true},"tags":{"type":["list","string"],"description":"List of string tags attached to the resource for filtering and organisation.","description_kind":"markdown","computed":true},"target_kind":{"type":"string","description":"Type of the target endpoint. Accepted values: `IP`, `SecurityGroup`.","description_kind":"markdown","computed":true},"target_value":{"type":"string","description":"Source (inbound) or destination (outbound) CIDR in notation like `0.0.0.0/0`, or SecurityGroup URI.","description_kind":"markdown","computed":true},"uri":{"type":"string","description":"Computed by the API. Full resource URI used as a reference value in other resources (e.g., as a `*_uri_ref` attribute).","description_kind":"markdown","computed":true},"vpc_id":{"type":"string","description":"ID of the VPC this security rule belongs to.","description_kind":"markdown","required":true}},"description":"Retrieves read-only information about an existing `arubacloud_securityrule`.","description_kind":"markdown"}},"arubacloud_snapshot":{"version":0,"block":{"attributes":{"billing_period":{"type":"string","description":"Billing cycle. Accepted values: `Hour`, `Month`, `Year`.","description_kind":"markdown","computed":true},"id":{"type":"string","description":"Unique identifier of the snapshot to look up.","description_kind":"markdown","required":true},"location":{"type":"string","description":"Region identifier (e.g., `ITBG-Bergamo`). See the [available locations and zones](https://api.arubacloud.com/docs/metadata/#location-and-data-center).","description_kind":"markdown","computed":true},"name":{"type":"string","description":"Display name for the snapshot.","description_kind":"markdown","computed":true},"project_id":{"type":"string","description":"ID of the project that owns this resource.","description_kind":"markdown","required":true},"uri":{"type":"string","description":"Computed by the API. Full resource URI. Use this value in `*_uri_ref` attributes of other resources.","description_kind":"markdown","computed":true},"volume_id":{"type":"string","description":"ID of the block storage volume this snapshot was taken from.","description_kind":"markdown","computed":true}},"description":"Retrieves read-only information about an existing ArubaCloud Snapshot.","description_kind":"markdown"}},"arubacloud_subnet":{"version":0,"block":{"attributes":{"address":{"type":"string","description":"Subnet CIDR in RFC-1918 notation (e.g., `10.0.1.0/24`). Must fall within the parent VPC CIDR.","description_kind":"markdown","computed":true},"dhcp_enabled":{"type":"bool","description":"Whether DHCP is enabled on this subnet.","description_kind":"markdown","computed":true},"dhcp_range_count":{"type":"number","description":"Number of consecutive IP addresses in the DHCP pool.","description_kind":"markdown","computed":true},"dhcp_range_start":{"type":"string","description":"First IP address in the DHCP allocation range.","description_kind":"markdown","computed":true},"dhcp_routes":{"nested_type":{"attributes":{"address":{"type":"string","description":"Destination network in CIDR notation (e.g., `0.0.0.0/0` for a default route).","description_kind":"markdown","computed":true},"gateway":{"type":"string","description":"Gateway IP address for this route.","description_kind":"markdown","computed":true}},"nesting_mode":"list"},"description":"Static routes distributed to DHCP clients.","description_kind":"markdown","computed":true},"dns":{"type":["list","string"],"description":"List of DNS server IP addresses distributed to DHCP clients.","description_kind":"markdown","computed":true},"id":{"type":"string","description":"Unique identifier of the subnet to look up.","description_kind":"markdown","required":true},"location":{"type":"string","description":"Region identifier for the resource (e.g., `ITBG-Bergamo`). See the [available locations and zones](https://api.arubacloud.com/docs/metadata/#location-and-data-center).","description_kind":"markdown","computed":true},"name":{"type":"string","description":"Display name for the subnet.","description_kind":"markdown","computed":true},"project_id":{"type":"string","description":"ID of the project that owns this resource.","description_kind":"markdown","required":true},"tags":{"type":["list","string"],"description":"List of string tags attached to the resource for filtering and organisation.","description_kind":"markdown","computed":true},"type":{"type":"string","description":"Subnet type. Accepted values: `Basic` (no custom CIDR), `Advanced` (requires the `network` block).","description_kind":"markdown","computed":true},"uri":{"type":"string","description":"Computed by the API. Full resource URI used as a reference value in other resources (e.g., as a `*_uri_ref` attribute).","description_kind":"markdown","computed":true},"vpc_id":{"type":"string","description":"ID of the parent VPC this subnet belongs to.","description_kind":"markdown","required":true}},"description":"Retrieves read-only information about an existing `arubacloud_subnet`. Use this data source to reference a subnet's URI when attaching a CloudServer to a subnet managed in a separate configuration.","description_kind":"markdown"}},"arubacloud_vpc":{"version":0,"block":{"attributes":{"id":{"type":"string","description":"Unique identifier of the VPC to look up.","description_kind":"markdown","required":true},"location":{"type":"string","description":"Region identifier for the resource (e.g., `ITBG-Bergamo`).","description_kind":"markdown","computed":true},"name":{"type":"string","description":"Display name for the VPC.","description_kind":"markdown","computed":true},"project_id":{"type":"string","description":"ID of the project that owns this resource.","description_kind":"markdown","required":true},"tags":{"type":["list","string"],"description":"List of string tags attached to the resource.","description_kind":"markdown","computed":true},"uri":{"type":"string","description":"Computed by the API. Full resource URI. Use this value in `*_uri_ref` attributes of other resources.","description_kind":"markdown","computed":true}},"description":"Retrieves read-only metadata about an existing `arubacloud_vpc`.","description_kind":"markdown"}},"arubacloud_vpcpeering":{"version":0,"block":{"attributes":{"id":{"type":"string","description":"Unique identifier of the VPC peering to look up.","description_kind":"markdown","required":true},"name":{"type":"string","description":"Display name for the VPC peering.","description_kind":"markdown","computed":true},"project_id":{"type":"string","description":"ID of the project that owns this resource.","description_kind":"markdown","required":true},"uri":{"type":"string","description":"Computed by the API. Full resource URI. Use this value in `*_uri_ref` attributes of other resources.","description_kind":"markdown","computed":true},"vpc_id":{"type":"string","description":"ID of the local VPC this peering belongs to.","description_kind":"markdown","required":true}},"description":"Retrieves read-only information about an existing `arubacloud_vpcpeering` connection.","description_kind":"markdown"}},"arubacloud_vpcpeeringroute":{"version":0,"block":{"attributes":{"id":{"type":"string","description":"Unique identifier of the VPC peering route to look up (same as the route name).","description_kind":"markdown","required":true},"name":{"type":"string","description":"Display name for the VPC peering route.","description_kind":"markdown","computed":true},"project_id":{"type":"string","description":"ID of the project that owns this resource.","description_kind":"markdown","required":true},"uri":{"type":"string","description":"Computed by the API. Full resource URI. Use this value in `*_uri_ref` attributes of other resources.","description_kind":"markdown","computed":true},"vpc_id":{"type":"string","description":"ID of the VPC this peering route belongs to.","description_kind":"markdown","required":true},"vpc_peering_id":{"type":"string","description":"ID of the VPC peering connection this route belongs to.","description_kind":"markdown","required":true}},"description":"Retrieves read-only information about an existing `arubacloud_vpcpeeringroute`.","description_kind":"markdown"}},"arubacloud_vpnroute":{"version":0,"block":{"attributes":{"destination":{"type":"string","description":"CIDR of the ArubaCloud-side subnet routed over this tunnel (maps to `cloud_subnet`).","description_kind":"markdown","computed":true},"gateway":{"type":"string","description":"CIDR of the on-premises subnet reachable through this tunnel (maps to `on_prem_subnet`).","description_kind":"markdown","computed":true},"id":{"type":"string","description":"Unique identifier of the VPN route to look up.","description_kind":"markdown","required":true},"name":{"type":"string","description":"Display name for the VPN route.","description_kind":"markdown","computed":true},"project_id":{"type":"string","description":"ID of the project that owns this resource.","description_kind":"markdown","required":true},"uri":{"type":"string","description":"Computed by the API. Full resource URI. Use this value in `*_uri_ref` attributes of other resources.","description_kind":"markdown","computed":true},"vpn_tunnel_id":{"type":"string","description":"ID of the VPN tunnel this route is associated with.","description_kind":"markdown","required":true}},"description":"Retrieves read-only information about an existing `arubacloud_vpnroute`.","description_kind":"markdown"}},"arubacloud_vpntunnel":{"version":0,"block":{"attributes":{"id":{"type":"string","description":"Unique identifier of the VPN tunnel to look up.","description_kind":"markdown","required":true},"name":{"type":"string","description":"Display name for the VPN tunnel.","description_kind":"markdown","computed":true},"project_id":{"type":"string","description":"ID of the project that owns this resource.","description_kind":"markdown","required":true},"remote_peer":{"type":"string","description":"Public IP address of the remote peer (on-premises gateway).","description_kind":"markdown","computed":true},"status":{"type":"string","description":"Current operational status of the VPN tunnel.","description_kind":"markdown","computed":true},"uri":{"type":"string","description":"Computed by the API. Full resource URI. Use this value in `*_uri_ref` attributes of other resources.","description_kind":"markdown","computed":true}},"description":"Retrieves read-only information about an existing `arubacloud_vpntunnel`.","description_kind":"markdown"}}}}}}
